# This file is autogenerated, do not edit; changes may be undone by the next 'dep ensure'.


[[projects]]
  digest = "1:98d2b07cc619145bc24a43233452ba3f7e576c4e94cb2e49aca067a3ae23121e"
  name = "github.com/aws/aws-lambda-go"
  packages = [
    "events",
    "lambda",
    "lambda/handlertrace",
    "lambda/messages",
    "lambdacontext",
  ]
  pruneopts = "UT"
  revision = "4c210d7623089d36b6bb6febf5a5e553bf73fbfb"
  version = "v1.11.1"

[[projects]]
  digest = "1:9f8b2158459170ce623d2e16b5c59a3a73c99a81406c203cf777e7187449ed98"
  name = "github.com/aws/aws-sdk-go"
  packages = [
    "aws",
    "aws/awserr",
    "aws/awsutil",
    "aws/client",
    "aws/client/metadata",
    "aws/corehandlers",
    "aws/credentials",
    "aws/credentials/ec2rolecreds",
    "aws/credentials/endpointcreds",
    "aws/credentials/processcreds",
    "aws/credentials/stscreds",
    "aws/crr",
    "aws/csm",
    "aws/defaults",
    "aws/ec2metadata",
    "aws/endpoints",
    "aws/request",
    "aws/session",
    "aws/signer/v4",
    "internal/ini",
    "internal/s3err",
    "internal/sdkio",
    "internal/sdkrand",
    "internal/sdkuri",
    "internal/shareddefaults",
    "private/protocol",
    "private/protocol/eventstream",
    "private/protocol/eventstream/eventstreamapi",
    "private/protocol/json/jsonutil",
    "private/protocol/jsonrpc",
    "private/protocol/query",
    "private/protocol/query/queryutil",
    "private/protocol/rest",
    "private/protocol/restxml",
    "private/protocol/xml/xmlutil",
    "service/dynamodb",
    "service/dynamodb/dynamodbiface",
    "service/s3",
    "service/s3/s3iface",
    "service/sts",
  ]
  pruneopts = "UT"
  revision = "5995f581282b82398d39fa11a1f059fd6a3ee737"
  version = "v1.20.18"

[[projects]]
  digest = "1:78bf6c6a98a126bcec01b33e0b1e19521663269852a7dc52c38f1d4f84529cb1"
  name = "github.com/badoux/checkmail"
  packages = ["."]
  pruneopts = "UT"
  revision = "9661bd69e9ad6fce1f7579022bdab0440807722a"
  version = "v1.1"

[[projects]]
  digest = "1:48092bf6632f55839850666c33469f546f6d45fdbd59a66759ec12e84d853dc2"
  name = "github.com/gogo/protobuf"
  packages = ["proto"]
  pruneopts = "UT"
  revision = "ba06b47c162d49f2af050fb4c75bcbc86a159d5c"
  version = "v1.2.1"

[[projects]]
  digest = "1:b1ff77d64d5ed2025bd6a67b553d9b448fec2436665205ffc229150952f58967"
  name = "github.com/ishanjain28/csvd"
  packages = ["."]
  pruneopts = "UT"
  revision = "ba5b2b4ff13a4f5244e51d21e4d3b10e6a59bd05"
  version = "v1.0.0"

[[projects]]
  digest = "1:bb81097a5b62634f3e9fec1014657855610c82d19b9a40c17612e32651e35dca"
  name = "github.com/jmespath/go-jmespath"
  packages = ["."]
  pruneopts = "UT"
  revision = "c2b33e84"

[[projects]]
  digest = "1:f0be8922b4a34a3e07caef4c8bcb9377713af6edf3b7cb9ded42f095b7994374"
  name = "sourcegraph.com/sourcegraph/go-diff"
  packages = ["diff"]
  pruneopts = "UT"
  revision = "042635e6444e67483d777aaa240274f13691500c"
  version = "v0.5.1"

[[projects]]
  digest = "1:ffbeee69d5d01b594a4ca53e359861e3416c70bdbca8d423c72b815f470ecc49"
  name = "sourcegraph.com/sqs/pbtypes"
  packages = ["."]
  pruneopts = "UT"
  revision = "688c2c2cb411327a50aae0f89119af9f38b0fc03"
  version = "v1.0.0"

[solve-meta]
  analyzer-name = "dep"
  analyzer-version = 1
  input-imports = [
    "github.com/aws/aws-lambda-go/events",
    "github.com/aws/aws-lambda-go/lambda",
    "github.com/aws/aws-sdk-go/aws",
    "github.com/aws/aws-sdk-go/aws/awserr",
    "github.com/aws/aws-sdk-go/aws/session",
    "github.com/aws/aws-sdk-go/service/dynamodb",
    "github.com/aws/aws-sdk-go/service/dynamodb/dynamodbiface",
    "github.com/aws/aws-sdk-go/service/s3",
    "github.com/aws/aws-sdk-go/service/s3/s3iface",
    "github.com/badoux/checkmail",
    "github.com/ishanjain28/csvd",
    "sourcegraph.com/sourcegraph/go-diff/diff",
  ]
  solver-name = "gps-cdcl"
  solver-version = 1
